# This file is automatically @generated by Cargo.
# It is not intended for manual editing.
version = 4

[[package]]
name = "opentk-api"
version = "0.1.0"

[[package]]
name = "opentk-core"
version = "0.1.0"

[[package]]
name = "opentk-db"
version = "0.1.0"

[[package]]
name = "opentk-sync"
version = "0.1.0"
